
Microsoft Visual Studio Solution File, Format Version 12.00
# Visual Studio 15
VisualStudioVersion = 15.0.27428.1
MinimumVisualStudioVersion = 10.0.40219.1
Project("{FAE04EC0-301F-11D3-BF4B-00C04F79EFBC}") = "Server", "Server\Server.csproj", "{63869330-5FEF-4BB5-94F8-3CEF83CCDF37}"
EndProject
Global
	GlobalSection(SolutionConfigurationPlatforms) = preSolution
		Debug|Any CPU = Debug|Any CPU
		Release|Any CPU = Release|Any CPU
	EndGlobalSection
	GlobalSection(ProjectConfigurationPlatforms) = postSolution
		{63869330-5FEF-4BB5-94F8-3CEF83CCDF37}.Debug|Any CPU.ActiveCfg = Debug|Any CPU
		{63869330-5FEF-4BB5-94F8-3CEF83CCDF37}.Debug|Any CPU.Build.0 = Debug|Any CPU
		{63869330-5FEF-4BB5-94F8-3CEF83CCDF37}.Release|Any CPU.ActiveCfg = Release|Any CPU
		{63869330-5FEF-4BB5-94F8-3CEF83CCDF37}.Release|Any CPU.Build.0 = Release|Any CPU
	EndGlobalSection
	GlobalSection(SolutionProperties) = preSolution
		HideSolutionNode = FALSE
	EndGlobalSection
	GlobalSection(ExtensibilityGlobals) = postSolution
		SolutionGuid = {0E4F806D-4BB6-49A0-89FC-FBA0AC0D0D07}
	EndGlobalSection
EndGlobal
